
Microsoft Visual Studio Solution File, Format Version 12.00
# Visual Studio Version 17
VisualStudioVersion = 17.0.31710.8
MinimumVisualStudioVersion = 10.0.40219.1
Project("{9A19103F-16F7-4668-BE54-9A1E7A4F7556}") = "SamplePersonReader", "SamplePersonReader\SamplePersonReader.csproj", "{913145E4-CB6D-496E-B187-B5F1EAA91A47}"
EndProject
Project("{FAE04EC0-301F-11D3-BF4B-00C04F79EFBC}") = "SampleWebApp", "SampleWebApp\SampleWebApp.csproj", "{89B31607-BEAD-4590-A48F-EFD9BF06D87A}"
EndProject
Global
	GlobalSection(SolutionConfigurationPlatforms) = preSolution
		Debug|Any CPU = Debug|Any CPU
		Release|Any CPU = Release|Any CPU
	EndGlobalSection
	GlobalSection(ProjectConfigurationPlatforms) = postSolution
		{913145E4-CB6D-496E-B187-B5F1EAA91A47}.Debug|Any CPU.ActiveCfg = Debug|Any CPU
		{913145E4-CB6D-496E-B187-B5F1EAA91A47}.Debug|Any CPU.Build.0 = Debug|Any CPU
		{913145E4-CB6D-496E-B187-B5F1EAA91A47}.Release|Any CPU.ActiveCfg = Release|Any CPU
		{913145E4-CB6D-496E-B187-B5F1EAA91A47}.Release|Any CPU.Build.0 = Release|Any CPU
		{89B31607-BEAD-4590-A48F-EFD9BF06D87A}.Debug|Any CPU.ActiveCfg = Debug|Any CPU
		{89B31607-BEAD-4590-A48F-EFD9BF06D87A}.Debug|Any CPU.Build.0 = Debug|Any CPU
		{89B31607-BEAD-4590-A48F-EFD9BF06D87A}.Release|Any CPU.ActiveCfg = Release|Any CPU
		{89B31607-BEAD-4590-A48F-EFD9BF06D87A}.Release|Any CPU.Build.0 = Release|Any CPU
	EndGlobalSection
	GlobalSection(SolutionProperties) = preSolution
		HideSolutionNode = FALSE
	EndGlobalSection
	GlobalSection(ExtensibilityGlobals) = postSolution
		SolutionGuid = {8512CD04-971D-4ED9-9A43-2186CBADB291}
	EndGlobalSection
EndGlobal
